// !$*UTF8*$!
{
	archiveVersion = 1;
	classes = {
	};
	objectVersion = 46;
	objects = {

/* Begin PBXBuildFile section */
		1383D0581F07E0C100211281 /* AppDelegate.swift in Sources */ = {isa = PBXBuildFile; fileRef = 1383D0571F07E0C100211281 /* AppDelegate.swift */; };
		1383D05A1F07E0C200211281 /* ViewController.swift in Sources */ = {isa = PBXBuildFile; fileRef = 1383D0591F07E0C200211281 /* ViewController.swift */; };
		1383D05D1F07E0C200211281 /* Main.storyboard in Resources */ = {isa = PBXBuildFile; fileRef = 1383D05B1F07E0C200211281 /* Main.storyboard */; };
		1383D05F1F07E0C200211281 /* Assets.xcassets in Resources */ = {isa = PBXBuildFile; fileRef = 1383D05E1F07E0C200211281 /* Assets.xcassets */; };
		1383D0621F07E0C200211281 /* LaunchScreen.storyboard in Resources */ = {isa = PBXBuildFile; fileRef = 1383D0601F07E0C200211281 /* LaunchScreen.storyboard */; };
		1383D06D1F07E0C200211281 /* projectseoulTests.swift in Sources */ = {isa = PBXBuildFile; fileRef = 1383D06C1F07E0C200211281 /* projectseoulTests.swift */; };
		1383D0781F07E0C200211281 /* projectseoulUITests.swift in Sources */ = {isa = PBXBuildFile; fileRef = 1383D0771F07E0C200211281 /* projectseoulUITests.swift */; };
/* End PBXBuildFile section */

/* Begin PBXContainerItemProxy section */
		1383D0691F07E0C200211281 /* PBXContainerItemProxy */ = {
			isa = PBXContainerItemProxy;
			containerPortal = 1383D04C1F07E0C100211281 /* Project object */;
			proxyType = 1;
			remoteGlobalIDString = 1383D0531F07E0C100211281;
			remoteInfo = projectseoul;
		};
		1383D0741F07E0C200211281 /* PBXContainerItemProxy */ = {
			isa = PBXContainerItemProxy;
			containerPortal = 1383D04C1F07E0C100211281 /* Project object */;
			proxyType = 1;
			remoteGlobalIDString = 1383D0531F07E0C100211281;
			remoteInfo = projectseoul;
		};
/* End PBXContainerItemProxy section */

/* Begin PBXFileReference section */
		1383D0541F07E0C100211281 /* projectseoul.app */ = {isa = PBXFileReference; explicitFileType = wrapper.application; includeInIndex = 0; path = projectseoul.app; sourceTree = BUILT_PRODUCTS_DIR; };
		1383D0571F07E0C100211281 /* AppDelegate.swift */ = {isa = PBXFileReference; lastKnownFileType = sourcecode.swift; path = AppDelegate.swift; sourceTree = "<group>"; };
		1383D0591F07E0C200211281 /* ViewController.swift */ = {isa = PBXFileReference; lastKnownFileType = sourcecode.swift; path = ViewController.swift; sourceTree = "<group>"; };
		1383D05C1F07E0C200211281 /* Base */ = {isa = PBXFileReference; lastKnownFileType = file.storyboard; name = Base; path = Base.lproj/Main.storyboard; sourceTree = "<group>"; };
		1383D05E1F07E0C200211281 /* Assets.xcassets */ = {isa = PBXFileReference; lastKnownFileType = folder.assetcatalog; path = Assets.xcassets; sourceTree = "<group>"; };
		1383D0611F07E0C200211281 /* Base */ = {isa = PBXFileReference; lastKnownFileType = file.storyboard; name = Base; path = Base.lproj/LaunchScreen.storyboard; sourceTree = "<group>"; };
		1383D0631F07E0C200211281 /* Info.plist */ = {isa = PBXFileReference; lastKnownFileType = text.plist.xml; path = Info.plist; sourceTree = "<group>"; };
		1383D0681F07E0C200211281 /* projectseoulTests.xctest */ = {isa = PBXFileReference; explicitFileType = wrapper.cfbundle; includeInIndex = 0; path = projectseoulTests.xctest; sourceTree = BUILT_PRODUCTS_DIR; };
		1383D06C1F07E0C200211281 /* projectseoulTests.swift */ = {isa = PBXFileReference; lastKnownFileType = sourcecode.swift; path = projectseoulTests.swift; sourceTree = "<group>"; };
		1383D06E1F07E0C200211281 /* Info.plist */ = {isa = PBXFileReference; lastKnownFileType = text.plist.xml; path = Info.plist; sourceTree = "<group>"; };
		1383D0731F07E0C200211281 /* projectseoulUITests.xctest */ = {isa = PBXFileReference; explicitFileType = wrapper.cfbundle; includeInIndex = 0; path = projectseoulUITests.xctest; sourceTree = BUILT_PRODUCTS_DIR; };
		1383D0771F07E0C200211281 /* projectseoulUITests.swift */ = {isa = PBXFileReference; lastKnownFileType = sourcecode.swift; path = projectseoulUITests.swift; sourceTree = "<group>"; };
		1383D0791F07E0C200211281 /* Info.plist */ = {isa = PBXFileReference; lastKnownFileType = text.plist.xml; path = Info.plist; sourceTree = "<group>"; };
/* End PBXFileReference section */

/* Begin PBXFrameworksBuildPhase section */
		1383D0511F07E0C100211281 /* Frameworks */ = {
			isa = PBXFrameworksBuildPhase;
			buildActionMask = 2147483647;
			files = (
			);
			runOnlyForDeploymentPostprocessing = 0;
		};
		1383D0651F07E0C200211281 /* Frameworks */ = {
			isa = PBXFrameworksBuildPhase;
			buildActionMask = 2147483647;
			files = (
			);
			runOnlyForDeploymentPostprocessing = 0;
		};
		1383D0701F07E0C200211281 /* Frameworks */ = {
			isa = PBXFrameworksBuildPhase;
			buildActionMask = 2147483647;
			files = (
			);
			runOnlyForDeploymentPostprocessing = 0;
		};
/* End PBXFrameworksBuildPhase section */

/* Begin PBXGroup section */
		1383D04B1F07E0C100211281 = {
			isa = PBXGroup;
			children = (
				1383D0561F07E0C100211281 /* projectseoul */,
				1383D06B1F07E0C200211281 /* projectseoulTests */,
				1383D0761F07E0C200211281 /* projectseoulUITests */,
				1383D0551F07E0C100211281 /* Products */,
			);
			sourceTree = "<group>";
		};
		1383D0551F07E0C100211281 /* Products */ = {
			isa = PBXGroup;
			children = (
				1383D0541F07E0C100211281 /* projectseoul.app */,
				1383D0681F07E0C200211281 /* projectseoulTests.xctest */,
				1383D0731F07E0C200211281 /* projectseoulUITests.xctest */,
			);
			name = Products;
			sourceTree = "<group>";
		};
		1383D0561F07E0C100211281 /* projectseoul */ = {
			isa = PBXGroup;
			children = (
				1383D0571F07E0C100211281 /* AppDelegate.swift */,
				1383D0591F07E0C200211281 /* ViewController.swift */,
				1383D05B1F07E0C200211281 /* Main.storyboard */,
				1383D05E1F07E0C200211281 /* Assets.xcassets */,
				1383D0601F07E0C200211281 /* LaunchScreen.storyboard */,
				1383D0631F07E0C200211281 /* Info.plist */,
			);
			path = projectseoul;
			sourceTree = "<group>";
		};
		1383D06B1F07E0C200211281 /* projectseoulTests */ = {
			isa = PBXGroup;
			children = (
				1383D06C1F07E0C200211281 /* projectseoulTests.swift */,
				1383D06E1F07E0C200211281 /* Info.plist */,
			);
			path = projectseoulTests;
			sourceTree = "<group>";
		};
		1383D0761F07E0C200211281 /* projectseoulUITests */ = {
			isa = PBXGroup;
			children = (
				1383D0771F07E0C200211281 /* projectseoulUITests.swift */,
				1383D0791F07E0C200211281 /* Info.plist */,
			);
			path = projectseoulUITests;
			sourceTree = "<group>";
		};
/* End PBXGroup section */

/* Begin PBXNativeTarget section */
		1383D0531F07E0C100211281 /* projectseoul */ = {
			isa = PBXNativeTarget;
			buildConfigurationList = 1383D07C1F07E0C200211281 /* Build configuration list for PBXNativeTarget "projectseoul" */;
			buildPhases = (
				1383D0501F07E0C100211281 /* Sources */,
				1383D0511F07E0C100211281 /* Frameworks */,
				1383D0521F07E0C100211281 /* Resources */,
			);
			buildRules = (
			);
			dependencies = (
			);
			name = projectseoul;
			productName = projectseoul;
			productReference = 1383D0541F07E0C100211281 /* projectseoul.app */;
			productType = "com.apple.product-type.application";
		};
		1383D0671F07E0C200211281 /* projectseoulTests */ = {
			isa = PBXNativeTarget;
			buildConfigurationList = 1383D07F1F07E0C200211281 /* Build configuration list for PBXNativeTarget "projectseoulTests" */;
			buildPhases = (
				1383D0641F07E0C200211281 /* Sources */,
				1383D0651F07E0C200211281 /* Frameworks */,
				1383D0661F07E0C200211281 /* Resources */,
			);
			buildRules = (
			);
			dependencies = (
				1383D06A1F07E0C200211281 /* PBXTargetDependency */,
			);
			name = projectseoulTests;
			productName = projectseoulTests;
			productReference = 1383D0681F07E0C200211281 /* projectseoulTests.xctest */;
			productType = "com.apple.product-type.bundle.unit-test";
		};
		1383D0721F07E0C200211281 /* projectseoulUITests */ = {
			isa = PBXNativeTarget;
			buildConfigurationList = 1383D0821F07E0C200211281 /* Build configuration list for PBXNativeTarget "projectseoulUITests" */;
			buildPhases = (
				1383D06F1F07E0C200211281 /* Sources */,
				1383D0701F07E0C200211281 /* Frameworks */,
				1383D0711F07E0C200211281 /* Resources */,
			);
			buildRules = (
			);
			dependencies = (
				1383D0751F07E0C200211281 /* PBXTargetDependency */,
			);
			name = projectseoulUITests;
			productName = projectseoulUITests;
			productReference = 1383D0731F07E0C200211281 /* projectseoulUITests.xctest */;
			productType = "com.apple.product-type.bundle.ui-testing";
		};
/* End PBXNativeTarget section */

/* Begin PBXProject section */
		1383D04C1F07E0C100211281 /* Project object */ = {
			isa = PBXProject;
			attributes = {
				LastSwiftUpdateCheck = 0830;
				LastUpgradeCheck = 0830;
				ORGANIZATIONNAME = "Jihun Oh";
				TargetAttributes = {
					1383D0531F07E0C100211281 = {
						CreatedOnToolsVersion = 8.3.2;
						ProvisioningStyle = Automatic;
					};
					1383D0671F07E0C200211281 = {
						CreatedOnToolsVersion = 8.3.2;
						ProvisioningStyle = Automatic;
						TestTargetID = 1383D0531F07E0C100211281;
					};
					1383D0721F07E0C200211281 = {
						CreatedOnToolsVersion = 8.3.2;
						ProvisioningStyle = Automatic;
						TestTargetID = 1383D0531F07E0C100211281;
					};
				};
			};
			buildConfigurationList = 1383D04F1F07E0C100211281 /* Build configuration list for PBXProject "projectseoul" */;
			compatibilityVersion = "Xcode 3.2";
			developmentRegion = English;
			hasScannedForEncodings = 0;
			knownRegions = (
				en,
				Base,
			);
			mainGroup = 1383D04B1F07E0C100211281;
			productRefGroup = 1383D0551F07E0C100211281 /* Products */;
			projectDirPath = "";
			projectRoot = "";
			targets = (
				1383D0531F07E0C100211281 /* projectseoul */,
				1383D0671F07E0C200211281 /* projectseoulTests */,
				1383D0721F07E0C200211281 /* projectseoulUITests */,
			);
		};
/* End PBXProject section */

/* Begin PBXResourcesBuildPhase section */
		1383D0521F07E0C100211281 /* Resources */ = {
			isa = PBXResourcesBuildPhase;
			buildActionMask = 2147483647;
			files = (
				1383D0621F07E0C200211281 /* LaunchScreen.storyboard in Resources */,
				1383D05F1F07E0C200211281 /* Assets.xcassets in Resources */,
				1383D05D1F07E0C200211281 /* Main.storyboard in Resources */,
			);
			runOnlyForDeploymentPostprocessing = 0;
		};
		1383D0661F07E0C200211281 /* Resources */ = {
			isa = PBXResourcesBuildPhase;
			buildActionMask = 2147483647;
			files = (
			);
			runOnlyForDeploymentPostprocessing = 0;
		};
		1383D0711F07E0C200211281 /* Resources */ = {
			isa = PBXResourcesBuildPhase;
			buildActionMask = 2147483647;
			files = (
			);
			runOnlyForDeploymentPostprocessing = 0;
		};
/* End PBXResourcesBuildPhase section */

/* Begin PBXSourcesBuildPhase section */
		1383D0501F07E0C100211281 /* Sources */ = {
			isa = PBXSourcesBuildPhase;
			buildActionMask = 2147483647;
			files = (
				1383D05A1F07E0C200211281 /* ViewController.swift in Sources */,
				1383D0581F07E0C100211281 /* AppDelegate.swift in Sources */,
			);
			runOnlyForDeploymentPostprocessing = 0;
		};
		1383D0641F07E0C200211281 /* Sources */ = {
			isa = PBXSourcesBuildPhase;
			buildActionMask = 2147483647;
			files = (
				1383D06D1F07E0C200211281 /* projectseoulTests.swift in Sources */,
			);
			runOnlyForDeploymentPostprocessing = 0;
		};
		1383D06F1F07E0C200211281 /* Sources */ = {
			isa = PBXSourcesBuildPhase;
			buildActionMask = 2147483647;
			files = (
				1383D0781F07E0C200211281 /* projectseoulUITests.swift in Sources */,
			);
			runOnlyForDeploymentPostprocessing = 0;
		};
/* End PBXSourcesBuildPhase section */

/* Begin PBXTargetDependency section */
		1383D06A1F07E0C200211281 /* PBXTargetDependency */ = {
			isa = PBXTargetDependency;
			target = 1383D0531F07E0C100211281 /* projectseoul */;
			targetProxy = 1383D0691F07E0C200211281 /* PBXContainerItemProxy */;
		};
		1383D0751F07E0C200211281 /* PBXTargetDependency */ = {
			isa = PBXTargetDependency;
			target = 1383D0531F07E0C100211281 /* projectseoul */;
			targetProxy = 1383D0741F07E0C200211281 /* PBXContainerItemProxy */;
		};
/* End PBXTargetDependency section */

/* Begin PBXVariantGroup section */
		1383D05B1F07E0C200211281 /* Main.storyboard */ = {
			isa = PBXVariantGroup;
			children = (
				1383D05C1F07E0C200211281 /* Base */,
			);
			name = Main.storyboard;
			sourceTree = "<group>";
		};
		1383D0601F07E0C200211281 /* LaunchScreen.storyboard */ = {
			isa = PBXVariantGroup;
			children = (
				1383D0611F07E0C200211281 /* Base */,
			);
			name = LaunchScreen.storyboard;
			sourceTree = "<group>";
		};
/* End PBXVariantGroup section */

/* Begin XCBuildConfiguration section */
		1383D07A1F07E0C200211281 /* Debug */ = {
			isa = XCBuildConfiguration;
			buildSettings = {
				ALWAYS_SEARCH_USER_PATHS = NO;
				CLANG_ANALYZER_NONNULL = YES;
				CLANG_ANALYZER_NUMBER_OBJECT_CONVERSION = YES_AGGRESSIVE;
				CLANG_CXX_LANGUAGE_STANDARD = "gnu++0x";
				CLANG_CXX_LIBRARY = "libc++";
				CLANG_ENABLE_MODULES = YES;
				CLANG_ENABLE_OBJC_ARC = YES;
				CLANG_WARN_BOOL_CONVERSION = YES;
				CLANG_WARN_CONSTANT_CONVERSION = YES;
				CLANG_WARN_DIRECT_OBJC_ISA_USAGE = YES_ERROR;
				CLANG_WARN_DOCUMENTATION_COMMENTS = YES;
				CLANG_WARN_EMPTY_BODY = YES;
				CLANG_WARN_ENUM_CONVERSION = YES;
				CLANG_WARN_INFINITE_RECURSION = YES;
				CLANG_WARN_INT_CONVERSION = YES;
				CLANG_WARN_OBJC_ROOT_CLASS = YES_ERROR;
				CLANG_WARN_SUSPICIOUS_MOVE = YES;
				CLANG_WARN_UNREACHABLE_CODE = YES;
				CLANG_WARN__DUPLICATE_METHOD_MATCH = YES;
				"CODE_SIGN_IDENTITY[sdk=iphoneos*]" = "iPhone Developer";
				COPY_PHASE_STRIP = NO;
				DEBUG_INFORMATION_FORMAT = dwarf;
				ENABLE_STRICT_OBJC_MSGSEND = YES;
				ENABLE_TESTABILITY = YES;
				GCC_C_LANGUAGE_STANDARD = gnu99;
				GCC_DYNAMIC_NO_PIC = NO;
				GCC_NO_COMMON_BLOCKS = YES;
				GCC_OPTIMIZATION_LEVEL = 0;
				GCC_PREPROCESSOR_DEFINITIONS = (
					"DEBUG=1",
					"$(inherited)",
				);
				GCC_WARN_64_TO_32_BIT_CONVERSION = YES;
				GCC_WARN_ABOUT_RETURN_TYPE = YES_ERROR;
				GCC_WARN_UNDECLARED_SELECTOR = YES;
				GCC_WARN_UNINITIALIZED_AUTOS = YES_AGGRESSIVE;
				GCC_WARN_UNUSED_FUNCTION = YES;
				GCC_WARN_UNUSED_VARIABLE = YES;
				IPHONEOS_DEPLOYMENT_TARGET = 10.3;
				MTL_ENABLE_DEBUG_INFO = YES;
				ONLY_ACTIVE_ARCH = YES;
				SDKROOT = iphoneos;
				SWIFT_ACTIVE_COMPILATION_CONDITIONS = DEBUG;
				SWIFT_OPTIMIZATION_LEVEL = "-Onone";
			};
			name = Debug;
		};
		1383D07B1F07E0C200211281 /* Release */ = {
			isa = XCBuildConfiguration;
			buildSettings = {
				ALWAYS_SEARCH_USER_PATHS = NO;
				CLANG_ANALYZER_NONNULL = YES;
				CLANG_ANALYZER_NUMBER_OBJECT_CONVERSION = YES_AGGRESSIVE;
				CLANG_CXX_LANGUAGE_STANDARD = "gnu++0x";
				CLANG_CXX_LIBRARY = "libc++";
				CLANG_ENABLE_MODULES = YES;
				CLANG_ENABLE_OBJC_ARC = YES;
				CLANG_WARN_BOOL_CONVERSION = YES;
				CLANG_WARN_CONSTANT_CONVERSION = YES;
				CLANG_WARN_DIRECT_OBJC_ISA_USAGE = YES_ERROR;
				CLANG_WARN_DOCUMENTATION_COMMENTS = YES;
				CLANG_WARN_EMPTY_BODY = YES;
				CLANG_WARN_ENUM_CONVERSION = YES;
				CLANG_WARN_INFINITE_RECURSION = YES;
				CLANG_WARN_INT_CONVERSION = YES;
				CLANG_WARN_OBJC_ROOT_CLASS = YES_ERROR;
				CLANG_WARN_SUSPICIOUS_MOVE = YES;
				CLANG_WARN_UNREACHABLE_CODE = YES;
				CLANG_WARN__DUPLICATE_METHOD_MATCH = YES;
				"CODE_SIGN_IDENTITY[sdk=iphoneos*]" = "iPhone Developer";
				COPY_PHASE_STRIP = NO;
				DEBUG_INFORMATION_FORMAT = "dwarf-with-dsym";
				ENABLE_NS_ASSERTIONS = NO;
				ENABLE_STRICT_OBJC_MSGSEND = YES;
				GCC_C_LANGUAGE_STANDARD = gnu99;
				GCC_NO_COMMON_BLOCKS = YES;
				GCC_WARN_64_TO_32_BIT_CONVERSION = YES;
				GCC_WARN_ABOUT_RETURN_TYPE = YES_ERROR;
				GCC_WARN_UNDECLARED_SELECTOR = YES;
				GCC_WARN_UNINITIALIZED_AUTOS = YES_AGGRESSIVE;
				GCC_WARN_UNUSED_FUNCTION = YES;
				GCC_WARN_UNUSED_VARIABLE = YES;
				IPHONEOS_DEPLOYMENT_TARGET = 10.3;
				MTL_ENABLE_DEBUG_INFO = NO;
				SDKROOT = iphoneos;
				SWIFT_OPTIMIZATION_LEVEL = "-Owholemodule";
				VALIDATE_PRODUCT = YES;
			};
			name = Release;
		};
		1383D07D1F07E0C200211281 /* Debug */ = {
			isa = XCBuildConfiguration;
			buildSettings = {
				ASSETCATALOG_COMPILER_APPICON_NAME = AppIcon;
				INFOPLIST_FILE = projectseoul/Info.plist;
				LD_RUNPATH_SEARCH_PATHS = "$(inherited) @executable_path/Frameworks";
				PRODUCT_BUNDLE_IDENTIFIER = com.lpo.projectseoul;
				PRODUCT_NAME = "$(TARGET_NAME)";
				SWIFT_VERSION = 3.0;
			};
			name = Debug;
		};
		1383D07E1F07E0C200211281 /* Release */ = {
			isa = XCBuildConfiguration;
			buildSettings = {
				ASSETCATALOG_COMPILER_APPICON_NAME = AppIcon;
				INFOPLIST_FILE = projectseoul/Info.plist;
				LD_RUNPATH_SEARCH_PATHS = "$(inherited) @executable_path/Frameworks";
				PRODUCT_BUNDLE_IDENTIFIER = com.lpo.projectseoul;
				PRODUCT_NAME = "$(TARGET_NAME)";
				SWIFT_VERSION = 3.0;
			};
			name = Release;
		};
		1383D0801F07E0C200211281 /* Debug */ = {
			isa = XCBuildConfiguration;
			buildSettings = {
				ALWAYS_EMBED_SWIFT_STANDARD_LIBRARIES = YES;
				BUNDLE_LOADER = "$(TEST_HOST)";
				INFOPLIST_FILE = projectseoulTests/Info.plist;
				LD_RUNPATH_SEARCH_PATHS = "$(inherited) @executable_path/Frameworks @loader_path/Frameworks";
				PRODUCT_BUNDLE_IDENTIFIER = com.lpo.projectseoulTests;
				PRODUCT_NAME = "$(TARGET_NAME)";
				SWIFT_VERSION = 3.0;
				TEST_HOST = "$(BUILT_PRODUCTS_DIR)/projectseoul.app/projectseoul";
			};
			name = Debug;
		};
		1383D0811F07E0C200211281 /* Release */ = {
			isa = XCBuildConfiguration;
			buildSettings = {
				ALWAYS_EMBED_SWIFT_STANDARD_LIBRARIES = YES;
				BUNDLE_LOADER = "$(TEST_HOST)";
				INFOPLIST_FILE = projectseoulTests/Info.plist;
				LD_RUNPATH_SEARCH_PATHS = "$(inherited) @executable_path/Frameworks @loader_path/Frameworks";
				PRODUCT_BUNDLE_IDENTIFIER = com.lpo.projectseoulTests;
				PRODUCT_NAME = "$(TARGET_NAME)";
				SWIFT_VERSION = 3.0;
				TEST_HOST = "$(BUILT_PRODUCTS_DIR)/projectseoul.app/projectseoul";
			};
			name = Release;
		};
		1383D0831F07E0C200211281 /* Debug */ = {
			isa = XCBuildConfiguration;
			buildSettings = {
				ALWAYS_EMBED_SWIFT_STANDARD_LIBRARIES = YES;
				INFOPLIST_FILE = projectseoulUITests/Info.plist;
				LD_RUNPATH_SEARCH_PATHS = "$(inherited) @executable_path/Frameworks @loader_path/Frameworks";
				PRODUCT_BUNDLE_IDENTIFIER = com.lpo.projectseoulUITests;
				PRODUCT_NAME = "$(TARGET_NAME)";
				SWIFT_VERSION = 3.0;
				TEST_TARGET_NAME = projectseoul;
			};
			name = Debug;
		};
		1383D0841F07E0C200211281 /* Release */ = {
			isa = XCBuildConfiguration;
			buildSettings = {
				ALWAYS_EMBED_SWIFT_STANDARD_LIBRARIES = YES;
				INFOPLIST_FILE = projectseoulUITests/Info.plist;
				LD_RUNPATH_SEARCH_PATHS = "$(inherited) @executable_path/Frameworks @loader_path/Frameworks";
				PRODUCT_BUNDLE_IDENTIFIER = com.lpo.projectseoulUITests;
				PRODUCT_NAME = "$(TARGET_NAME)";
				SWIFT_VERSION = 3.0;
				TEST_TARGET_NAME = projectseoul;
			};
			name = Release;
		};
/* End XCBuildConfiguration section */

/* Begin XCConfigurationList section */
		1383D04F1F07E0C100211281 /* Build configuration list for PBXProject "projectseoul" */ = {
			isa = XCConfigurationList;
			buildConfigurations = (
				1383D07A1F07E0C200211281 /* Debug */,
				1383D07B1F07E0C200211281 /* Release */,
			);
			defaultConfigurationIsVisible = 0;
			defaultConfigurationName = Release;
		};
		1383D07C1F07E0C200211281 /* Build configuration list for PBXNativeTarget "projectseoul" */ = {
			isa = XCConfigurationList;
			buildConfigurations = (
				1383D07D1F07E0C200211281 /* Debug */,
				1383D07E1F07E0C200211281 /* Release */,
			);
			defaultConfigurationIsVisible = 0;
		};
		1383D07F1F07E0C200211281 /* Build configuration list for PBXNativeTarget "projectseoulTests" */ = {
			isa = XCConfigurationList;
			buildConfigurations = (
				1383D0801F07E0C200211281 /* Debug */,
				1383D0811F07E0C200211281 /* Release */,
			);
			defaultConfigurationIsVisible = 0;
		};
		1383D0821F07E0C200211281 /* Build configuration list for PBXNativeTarget "projectseoulUITests" */ = {
			isa = XCConfigurationList;
			buildConfigurations = (
				1383D0831F07E0C200211281 /* Debug */,
				1383D0841F07E0C200211281 /* Release */,
			);
			defaultConfigurationIsVisible = 0;
		};
/* End XCConfigurationList section */
	};
	rootObject = 1383D04C1F07E0C100211281 /* Project object */;
}
